
Microsoft Visual Studio Solution File, Format Version 12.00
# Visual Studio Version 16
VisualStudioVersion = 16.0.30523.141
MinimumVisualStudioVersion = 10.0.40219.1
Project("{FAE04EC0-301F-11D3-BF4B-00C04F79EFBC}") = "Multiflash", "Multiflash\Multiflash.csproj", "{759FC61F-D41C-4BCA-825A-084E50664F43}"
EndProject
Global
	GlobalSection(SolutionConfigurationPlatforms) = preSolution
		Debug|Any CPU = Debug|Any CPU
		Release|Any CPU = Release|Any CPU
	EndGlobalSection
	GlobalSection(ProjectConfigurationPlatforms) = postSolution
		{759FC61F-D41C-4BCA-825A-084E50664F43}.Debug|Any CPU.ActiveCfg = Debug|Any CPU
		{759FC61F-D41C-4BCA-825A-084E50664F43}.Debug|Any CPU.Build.0 = Debug|Any CPU
		{759FC61F-D41C-4BCA-825A-084E50664F43}.Release|Any CPU.ActiveCfg = Release|Any CPU
		{759FC61F-D41C-4BCA-825A-084E50664F43}.Release|Any CPU.Build.0 = Release|Any CPU
	EndGlobalSection
	GlobalSection(SolutionProperties) = preSolution
		HideSolutionNode = FALSE
	EndGlobalSection
	GlobalSection(ExtensibilityGlobals) = postSolution
		SolutionGuid = {6093A8BD-E357-41A1-9981-E05F48674AA4}
	EndGlobalSection
EndGlobal
